
Microsoft Visual Studio Solution File, Format Version 12.00
# Visual Studio Version 17
VisualStudioVersion = 17.0.32014.148
MinimumVisualStudioVersion = 10.0.40219.1
Project("{FAE04EC0-301F-11D3-BF4B-00C04F79EFBC}") = "LearnwithPritam", "LearnwithPritam\LearnwithPritam.csproj", "{EB75E4DB-7960-4455-82BC-9696C1AC9C97}"
EndProject
Global
	GlobalSection(SolutionConfigurationPlatforms) = preSolution
		Debug|Any CPU = Debug|Any CPU
		Release|Any CPU = Release|Any CPU
	EndGlobalSection
	GlobalSection(ProjectConfigurationPlatforms) = postSolution
		{EB75E4DB-7960-4455-82BC-9696C1AC9C97}.Debug|Any CPU.ActiveCfg = Debug|Any CPU
		{EB75E4DB-7960-4455-82BC-9696C1AC9C97}.Debug|Any CPU.Build.0 = Debug|Any CPU
		{EB75E4DB-7960-4455-82BC-9696C1AC9C97}.Release|Any CPU.ActiveCfg = Release|Any CPU
		{EB75E4DB-7960-4455-82BC-9696C1AC9C97}.Release|Any CPU.Build.0 = Release|Any CPU
	EndGlobalSection
	GlobalSection(SolutionProperties) = preSolution
		HideSolutionNode = FALSE
	EndGlobalSection
	GlobalSection(ExtensibilityGlobals) = postSolution
		SolutionGuid = {B52F6124-3BD4-491D-B24D-086ADD57AFF0}
	EndGlobalSection
EndGlobal
